
Microsoft Visual Studio Solution File, Format Version 12.00
# Visual Studio Version 16
VisualStudioVersion = 16.0.29521.150
MinimumVisualStudioVersion = 15.0.26124.0
Project("{9A19103F-16F7-4668-BE54-9A1E7A4F7556}") = "XMLDemos", "XMLDemos\XMLDemos.csproj", "{9C107A29-5314-4769-BB3B-DF0BC243F3CF}"
EndProject
Project("{FAE04EC0-301F-11D3-BF4B-00C04F79EFBC}") = "JsonDemos", "JsonDemos\JsonDemos.csproj", "{713D4380-D3D8-4DCA-BD9D-50771179C4B8}"
EndProject
Global
	GlobalSection(SolutionConfigurationPlatforms) = preSolution
		Debug|Any CPU = Debug|Any CPU
		Debug|x64 = Debug|x64
		Debug|x86 = Debug|x86
		Release|Any CPU = Release|Any CPU
		Release|x64 = Release|x64
		Release|x86 = Release|x86
	EndGlobalSection
	GlobalSection(ProjectConfigurationPlatforms) = postSolution
		{9C107A29-5314-4769-BB3B-DF0BC243F3CF}.Debug|Any CPU.ActiveCfg = Debug|Any CPU
		{9C107A29-5314-4769-BB3B-DF0BC243F3CF}.Debug|Any CPU.Build.0 = Debug|Any CPU
		{9C107A29-5314-4769-BB3B-DF0BC243F3CF}.Debug|x64.ActiveCfg = Debug|Any CPU
		{9C107A29-5314-4769-BB3B-DF0BC243F3CF}.Debug|x64.Build.0 = Debug|Any CPU
		{9C107A29-5314-4769-BB3B-DF0BC243F3CF}.Debug|x86.ActiveCfg = Debug|Any CPU
		{9C107A29-5314-4769-BB3B-DF0BC243F3CF}.Debug|x86.Build.0 = Debug|Any CPU
		{9C107A29-5314-4769-BB3B-DF0BC243F3CF}.Release|Any CPU.ActiveCfg = Release|Any CPU
		{9C107A29-5314-4769-BB3B-DF0BC243F3CF}.Release|Any CPU.Build.0 = Release|Any CPU
		{9C107A29-5314-4769-BB3B-DF0BC243F3CF}.Release|x64.ActiveCfg = Release|Any CPU
		{9C107A29-5314-4769-BB3B-DF0BC243F3CF}.Release|x64.Build.0 = Release|Any CPU
		{9C107A29-5314-4769-BB3B-DF0BC243F3CF}.Release|x86.ActiveCfg = Release|Any CPU
		{9C107A29-5314-4769-BB3B-DF0BC243F3CF}.Release|x86.Build.0 = Release|Any CPU
		{713D4380-D3D8-4DCA-BD9D-50771179C4B8}.Debug|Any CPU.ActiveCfg = Debug|Any CPU
		{713D4380-D3D8-4DCA-BD9D-50771179C4B8}.Debug|Any CPU.Build.0 = Debug|Any CPU
		{713D4380-D3D8-4DCA-BD9D-50771179C4B8}.Debug|x64.ActiveCfg = Debug|Any CPU
		{713D4380-D3D8-4DCA-BD9D-50771179C4B8}.Debug|x64.Build.0 = Debug|Any CPU
		{713D4380-D3D8-4DCA-BD9D-50771179C4B8}.Debug|x86.ActiveCfg = Debug|Any CPU
		{713D4380-D3D8-4DCA-BD9D-50771179C4B8}.Debug|x86.Build.0 = Debug|Any CPU
		{713D4380-D3D8-4DCA-BD9D-50771179C4B8}.Release|Any CPU.ActiveCfg = Release|Any CPU
		{713D4380-D3D8-4DCA-BD9D-50771179C4B8}.Release|Any CPU.Build.0 = Release|Any CPU
		{713D4380-D3D8-4DCA-BD9D-50771179C4B8}.Release|x64.ActiveCfg = Release|Any CPU
		{713D4380-D3D8-4DCA-BD9D-50771179C4B8}.Release|x64.Build.0 = Release|Any CPU
		{713D4380-D3D8-4DCA-BD9D-50771179C4B8}.Release|x86.ActiveCfg = Release|Any CPU
		{713D4380-D3D8-4DCA-BD9D-50771179C4B8}.Release|x86.Build.0 = Release|Any CPU
	EndGlobalSection
	GlobalSection(SolutionProperties) = preSolution
		HideSolutionNode = FALSE
	EndGlobalSection
	GlobalSection(ExtensibilityGlobals) = postSolution
		SolutionGuid = {CEBFE99A-F6CB-42C2-B2F1-108D67BC6E83}
	EndGlobalSection
EndGlobal
