
Microsoft Visual Studio Solution File, Format Version 12.00
# Visual Studio Version 16
VisualStudioVersion = 16.0.29521.150
MinimumVisualStudioVersion = 15.0.26124.0
Project("{2150E333-8FDC-42A3-9474-1A3956D46DE8}") = "src", "src", "{8154C1B3-5CF6-4523-978E-4BDFBC7D35B3}"
EndProject
Project("{2150E333-8FDC-42A3-9474-1A3956D46DE8}") = "tests", "tests", "{87C41262-F469-4726-98DD-E0FB7D30C6C2}"
EndProject
Project("{9A19103F-16F7-4668-BE54-9A1E7A4F7556}") = "DataAccess.Common", "src\DataAccess.Abstractions\DataAccess.Common.csproj", "{F9A66877-C4E5-4D77-AB04-B867E2F83865}"
EndProject
Project("{9A19103F-16F7-4668-BE54-9A1E7A4F7556}") = "DataAccess.Tests", "tests\DataAccess.Tests\DataAccess.Tests.csproj", "{58D16319-3F6E-43B4-A57A-0A5DDCA7C896}"
EndProject
Project("{9A19103F-16F7-4668-BE54-9A1E7A4F7556}") = "DataAccess.Implementations", "src\DataAccess.Implementations\DataAccess.Implementations.csproj", "{8CC23036-FEAE-4AB3-BF81-A1624859A2F5}"
EndProject
Project("{2150E333-8FDC-42A3-9474-1A3956D46DE8}") = "demos", "demos", "{6A91AA9B-7FA6-454A-8E0B-645C84E5BD01}"
EndProject
Project("{9A19103F-16F7-4668-BE54-9A1E7A4F7556}") = "XMLDemos", "..\Demos\XMLDemos\XMLDemos.csproj", "{B9414FE8-6E2E-4D9F-AFA9-2F21A447E26B}"
EndProject
Project("{9A19103F-16F7-4668-BE54-9A1E7A4F7556}") = "JsonDemos", "..\Demos\JsonDemos\JsonDemos.csproj", "{35A438D7-C74A-4850-A1E6-FBA5BBC05315}"
EndProject
Project("{9A19103F-16F7-4668-BE54-9A1E7A4F7556}") = "EFDemos", "..\Demos\EFDemos\EFDemos\EFDemos.csproj", "{A5E3D87D-8834-448A-9D86-8ED5076278E1}"
EndProject
Global
	GlobalSection(SolutionConfigurationPlatforms) = preSolution
		Debug|Any CPU = Debug|Any CPU
		Debug|x64 = Debug|x64
		Debug|x86 = Debug|x86
		Release|Any CPU = Release|Any CPU
		Release|x64 = Release|x64
		Release|x86 = Release|x86
	EndGlobalSection
	GlobalSection(ProjectConfigurationPlatforms) = postSolution
		{F9A66877-C4E5-4D77-AB04-B867E2F83865}.Debug|Any CPU.ActiveCfg = Debug|Any CPU
		{F9A66877-C4E5-4D77-AB04-B867E2F83865}.Debug|Any CPU.Build.0 = Debug|Any CPU
		{F9A66877-C4E5-4D77-AB04-B867E2F83865}.Debug|x64.ActiveCfg = Debug|Any CPU
		{F9A66877-C4E5-4D77-AB04-B867E2F83865}.Debug|x64.Build.0 = Debug|Any CPU
		{F9A66877-C4E5-4D77-AB04-B867E2F83865}.Debug|x86.ActiveCfg = Debug|Any CPU
		{F9A66877-C4E5-4D77-AB04-B867E2F83865}.Debug|x86.Build.0 = Debug|Any CPU
		{F9A66877-C4E5-4D77-AB04-B867E2F83865}.Release|Any CPU.ActiveCfg = Release|Any CPU
		{F9A66877-C4E5-4D77-AB04-B867E2F83865}.Release|Any CPU.Build.0 = Release|Any CPU
		{F9A66877-C4E5-4D77-AB04-B867E2F83865}.Release|x64.ActiveCfg = Release|Any CPU
		{F9A66877-C4E5-4D77-AB04-B867E2F83865}.Release|x64.Build.0 = Release|Any CPU
		{F9A66877-C4E5-4D77-AB04-B867E2F83865}.Release|x86.ActiveCfg = Release|Any CPU
		{F9A66877-C4E5-4D77-AB04-B867E2F83865}.Release|x86.Build.0 = Release|Any CPU
		{58D16319-3F6E-43B4-A57A-0A5DDCA7C896}.Debug|Any CPU.ActiveCfg = Debug|Any CPU
		{58D16319-3F6E-43B4-A57A-0A5DDCA7C896}.Debug|Any CPU.Build.0 = Debug|Any CPU
		{58D16319-3F6E-43B4-A57A-0A5DDCA7C896}.Debug|x64.ActiveCfg = Debug|Any CPU
		{58D16319-3F6E-43B4-A57A-0A5DDCA7C896}.Debug|x64.Build.0 = Debug|Any CPU
		{58D16319-3F6E-43B4-A57A-0A5DDCA7C896}.Debug|x86.ActiveCfg = Debug|Any CPU
		{58D16319-3F6E-43B4-A57A-0A5DDCA7C896}.Debug|x86.Build.0 = Debug|Any CPU
		{58D16319-3F6E-43B4-A57A-0A5DDCA7C896}.Release|Any CPU.ActiveCfg = Release|Any CPU
		{58D16319-3F6E-43B4-A57A-0A5DDCA7C896}.Release|Any CPU.Build.0 = Release|Any CPU
		{58D16319-3F6E-43B4-A57A-0A5DDCA7C896}.Release|x64.ActiveCfg = Release|Any CPU
		{58D16319-3F6E-43B4-A57A-0A5DDCA7C896}.Release|x64.Build.0 = Release|Any CPU
		{58D16319-3F6E-43B4-A57A-0A5DDCA7C896}.Release|x86.ActiveCfg = Release|Any CPU
		{58D16319-3F6E-43B4-A57A-0A5DDCA7C896}.Release|x86.Build.0 = Release|Any CPU
		{8CC23036-FEAE-4AB3-BF81-A1624859A2F5}.Debug|Any CPU.ActiveCfg = Debug|Any CPU
		{8CC23036-FEAE-4AB3-BF81-A1624859A2F5}.Debug|Any CPU.Build.0 = Debug|Any CPU
		{8CC23036-FEAE-4AB3-BF81-A1624859A2F5}.Debug|x64.ActiveCfg = Debug|Any CPU
		{8CC23036-FEAE-4AB3-BF81-A1624859A2F5}.Debug|x64.Build.0 = Debug|Any CPU
		{8CC23036-FEAE-4AB3-BF81-A1624859A2F5}.Debug|x86.ActiveCfg = Debug|Any CPU
		{8CC23036-FEAE-4AB3-BF81-A1624859A2F5}.Debug|x86.Build.0 = Debug|Any CPU
		{8CC23036-FEAE-4AB3-BF81-A1624859A2F5}.Release|Any CPU.ActiveCfg = Release|Any CPU
		{8CC23036-FEAE-4AB3-BF81-A1624859A2F5}.Release|Any CPU.Build.0 = Release|Any CPU
		{8CC23036-FEAE-4AB3-BF81-A1624859A2F5}.Release|x64.ActiveCfg = Release|Any CPU
		{8CC23036-FEAE-4AB3-BF81-A1624859A2F5}.Release|x64.Build.0 = Release|Any CPU
		{8CC23036-FEAE-4AB3-BF81-A1624859A2F5}.Release|x86.ActiveCfg = Release|Any CPU
		{8CC23036-FEAE-4AB3-BF81-A1624859A2F5}.Release|x86.Build.0 = Release|Any CPU
		{B9414FE8-6E2E-4D9F-AFA9-2F21A447E26B}.Debug|Any CPU.ActiveCfg = Debug|Any CPU
		{B9414FE8-6E2E-4D9F-AFA9-2F21A447E26B}.Debug|Any CPU.Build.0 = Debug|Any CPU
		{B9414FE8-6E2E-4D9F-AFA9-2F21A447E26B}.Debug|x64.ActiveCfg = Debug|Any CPU
		{B9414FE8-6E2E-4D9F-AFA9-2F21A447E26B}.Debug|x64.Build.0 = Debug|Any CPU
		{B9414FE8-6E2E-4D9F-AFA9-2F21A447E26B}.Debug|x86.ActiveCfg = Debug|Any CPU
		{B9414FE8-6E2E-4D9F-AFA9-2F21A447E26B}.Debug|x86.Build.0 = Debug|Any CPU
		{B9414FE8-6E2E-4D9F-AFA9-2F21A447E26B}.Release|Any CPU.ActiveCfg = Release|Any CPU
		{B9414FE8-6E2E-4D9F-AFA9-2F21A447E26B}.Release|Any CPU.Build.0 = Release|Any CPU
		{B9414FE8-6E2E-4D9F-AFA9-2F21A447E26B}.Release|x64.ActiveCfg = Release|Any CPU
		{B9414FE8-6E2E-4D9F-AFA9-2F21A447E26B}.Release|x64.Build.0 = Release|Any CPU
		{B9414FE8-6E2E-4D9F-AFA9-2F21A447E26B}.Release|x86.ActiveCfg = Release|Any CPU
		{B9414FE8-6E2E-4D9F-AFA9-2F21A447E26B}.Release|x86.Build.0 = Release|Any CPU
		{35A438D7-C74A-4850-A1E6-FBA5BBC05315}.Debug|Any CPU.ActiveCfg = Debug|Any CPU
		{35A438D7-C74A-4850-A1E6-FBA5BBC05315}.Debug|Any CPU.Build.0 = Debug|Any CPU
		{35A438D7-C74A-4850-A1E6-FBA5BBC05315}.Debug|x64.ActiveCfg = Debug|Any CPU
		{35A438D7-C74A-4850-A1E6-FBA5BBC05315}.Debug|x64.Build.0 = Debug|Any CPU
		{35A438D7-C74A-4850-A1E6-FBA5BBC05315}.Debug|x86.ActiveCfg = Debug|Any CPU
		{35A438D7-C74A-4850-A1E6-FBA5BBC05315}.Debug|x86.Build.0 = Debug|Any CPU
		{35A438D7-C74A-4850-A1E6-FBA5BBC05315}.Release|Any CPU.ActiveCfg = Release|Any CPU
		{35A438D7-C74A-4850-A1E6-FBA5BBC05315}.Release|Any CPU.Build.0 = Release|Any CPU
		{35A438D7-C74A-4850-A1E6-FBA5BBC05315}.Release|x64.ActiveCfg = Release|Any CPU
		{35A438D7-C74A-4850-A1E6-FBA5BBC05315}.Release|x64.Build.0 = Release|Any CPU
		{35A438D7-C74A-4850-A1E6-FBA5BBC05315}.Release|x86.ActiveCfg = Release|Any CPU
		{35A438D7-C74A-4850-A1E6-FBA5BBC05315}.Release|x86.Build.0 = Release|Any CPU
		{A5E3D87D-8834-448A-9D86-8ED5076278E1}.Debug|Any CPU.ActiveCfg = Debug|Any CPU
		{A5E3D87D-8834-448A-9D86-8ED5076278E1}.Debug|Any CPU.Build.0 = Debug|Any CPU
		{A5E3D87D-8834-448A-9D86-8ED5076278E1}.Debug|x64.ActiveCfg = Debug|Any CPU
		{A5E3D87D-8834-448A-9D86-8ED5076278E1}.Debug|x64.Build.0 = Debug|Any CPU
		{A5E3D87D-8834-448A-9D86-8ED5076278E1}.Debug|x86.ActiveCfg = Debug|Any CPU
		{A5E3D87D-8834-448A-9D86-8ED5076278E1}.Debug|x86.Build.0 = Debug|Any CPU
		{A5E3D87D-8834-448A-9D86-8ED5076278E1}.Release|Any CPU.ActiveCfg = Release|Any CPU
		{A5E3D87D-8834-448A-9D86-8ED5076278E1}.Release|Any CPU.Build.0 = Release|Any CPU
		{A5E3D87D-8834-448A-9D86-8ED5076278E1}.Release|x64.ActiveCfg = Release|Any CPU
		{A5E3D87D-8834-448A-9D86-8ED5076278E1}.Release|x64.Build.0 = Release|Any CPU
		{A5E3D87D-8834-448A-9D86-8ED5076278E1}.Release|x86.ActiveCfg = Release|Any CPU
		{A5E3D87D-8834-448A-9D86-8ED5076278E1}.Release|x86.Build.0 = Release|Any CPU
	EndGlobalSection
	GlobalSection(SolutionProperties) = preSolution
		HideSolutionNode = FALSE
	EndGlobalSection
	GlobalSection(NestedProjects) = preSolution
		{F9A66877-C4E5-4D77-AB04-B867E2F83865} = {8154C1B3-5CF6-4523-978E-4BDFBC7D35B3}
		{58D16319-3F6E-43B4-A57A-0A5DDCA7C896} = {87C41262-F469-4726-98DD-E0FB7D30C6C2}
		{8CC23036-FEAE-4AB3-BF81-A1624859A2F5} = {8154C1B3-5CF6-4523-978E-4BDFBC7D35B3}
		{B9414FE8-6E2E-4D9F-AFA9-2F21A447E26B} = {6A91AA9B-7FA6-454A-8E0B-645C84E5BD01}
		{35A438D7-C74A-4850-A1E6-FBA5BBC05315} = {6A91AA9B-7FA6-454A-8E0B-645C84E5BD01}
		{A5E3D87D-8834-448A-9D86-8ED5076278E1} = {6A91AA9B-7FA6-454A-8E0B-645C84E5BD01}
	EndGlobalSection
	GlobalSection(ExtensibilityGlobals) = postSolution
		SolutionGuid = {6204F429-6857-4AE8-B595-36C5F94F6D29}
	EndGlobalSection
EndGlobal
